
Microsoft Visual Studio Solution File, Format Version 12.00
# Visual Studio Version 17
VisualStudioVersion = 17.5.33516.290
MinimumVisualStudioVersion = 10.0.40219.1
Project("{FAE04EC0-301F-11D3-BF4B-00C04F79EFBC}") = "Mission12_mitch921", "Mission12_mitch921.csproj", "{8B357646-937A-4C26-8FA9-10E5D6BBB42A}"
EndProject
Global
	GlobalSection(SolutionConfigurationPlatforms) = preSolution
		Debug|Any CPU = Debug|Any CPU
		Release|Any CPU = Release|Any CPU
	EndGlobalSection
	GlobalSection(ProjectConfigurationPlatforms) = postSolution
		{8B357646-937A-4C26-8FA9-10E5D6BBB42A}.Debug|Any CPU.ActiveCfg = Debug|Any CPU
		{8B357646-937A-4C26-8FA9-10E5D6BBB42A}.Debug|Any CPU.Build.0 = Debug|Any CPU
		{8B357646-937A-4C26-8FA9-10E5D6BBB42A}.Release|Any CPU.ActiveCfg = Release|Any CPU
		{8B357646-937A-4C26-8FA9-10E5D6BBB42A}.Release|Any CPU.Build.0 = Release|Any CPU
	EndGlobalSection
	GlobalSection(SolutionProperties) = preSolution
		HideSolutionNode = FALSE
	EndGlobalSection
	GlobalSection(ExtensibilityGlobals) = postSolution
		SolutionGuid = {5C4806C4-1BD7-4940-91B9-128B9C11F588}
	EndGlobalSection
EndGlobal
